
Microsoft Visual Studio Solution File, Format Version 12.00
# Visual Studio Version 17
VisualStudioVersion = 17.3.32825.248
MinimumVisualStudioVersion = 10.0.40219.1
Project("{FAE04EC0-301F-11D3-BF4B-00C04F79EFBC}") = "PropertyRentalsAppDB", "PropertyRentalsAppDB\PropertyRentalsAppDB.csproj", "{438B1CE0-7DF1-4C05-B17D-5D6A2A540C3E}"
EndProject
Project("{FAE04EC0-301F-11D3-BF4B-00C04F79EFBC}") = "DAL", "DAL\DAL.csproj", "{9216B184-6577-4481-AB77-55CCB2AC18DF}"
EndProject
Project("{FAE04EC0-301F-11D3-BF4B-00C04F79EFBC}") = "BLL", "BLL\BLL.csproj", "{CAF8CE27-83D0-4A1A-B017-39AD02BCC4B3}"
EndProject
Global
	GlobalSection(SolutionConfigurationPlatforms) = preSolution
		Debug|Any CPU = Debug|Any CPU
		Release|Any CPU = Release|Any CPU
	EndGlobalSection
	GlobalSection(ProjectConfigurationPlatforms) = postSolution
		{438B1CE0-7DF1-4C05-B17D-5D6A2A540C3E}.Debug|Any CPU.ActiveCfg = Debug|Any CPU
		{438B1CE0-7DF1-4C05-B17D-5D6A2A540C3E}.Debug|Any CPU.Build.0 = Debug|Any CPU
		{438B1CE0-7DF1-4C05-B17D-5D6A2A540C3E}.Release|Any CPU.ActiveCfg = Release|Any CPU
		{438B1CE0-7DF1-4C05-B17D-5D6A2A540C3E}.Release|Any CPU.Build.0 = Release|Any CPU
		{9216B184-6577-4481-AB77-55CCB2AC18DF}.Debug|Any CPU.ActiveCfg = Debug|Any CPU
		{9216B184-6577-4481-AB77-55CCB2AC18DF}.Debug|Any CPU.Build.0 = Debug|Any CPU
		{9216B184-6577-4481-AB77-55CCB2AC18DF}.Release|Any CPU.ActiveCfg = Release|Any CPU
		{9216B184-6577-4481-AB77-55CCB2AC18DF}.Release|Any CPU.Build.0 = Release|Any CPU
		{CAF8CE27-83D0-4A1A-B017-39AD02BCC4B3}.Debug|Any CPU.ActiveCfg = Debug|Any CPU
		{CAF8CE27-83D0-4A1A-B017-39AD02BCC4B3}.Debug|Any CPU.Build.0 = Debug|Any CPU
		{CAF8CE27-83D0-4A1A-B017-39AD02BCC4B3}.Release|Any CPU.ActiveCfg = Release|Any CPU
		{CAF8CE27-83D0-4A1A-B017-39AD02BCC4B3}.Release|Any CPU.Build.0 = Release|Any CPU
	EndGlobalSection
	GlobalSection(SolutionProperties) = preSolution
		HideSolutionNode = FALSE
	EndGlobalSection
	GlobalSection(ExtensibilityGlobals) = postSolution
		SolutionGuid = {A88D148E-6A3D-429D-9231-1049621CAD48}
	EndGlobalSection
EndGlobal
